
Microsoft Visual Studio Solution File, Format Version 12.00
# Visual Studio Version 17
VisualStudioVersion = 17.11.35327.3
MinimumVisualStudioVersion = 10.0.40219.1
Project("{FAE04EC0-301F-11D3-BF4B-00C04F79EFBC}") = "To-do List App", "To-do List App\To-do List App.csproj", "{C24D29E8-4698-483B-8C96-888BFE095433}"
EndProject
Global
	GlobalSection(SolutionConfigurationPlatforms) = preSolution
		Debug|Any CPU = Debug|Any CPU
		Release|Any CPU = Release|Any CPU
	EndGlobalSection
	GlobalSection(ProjectConfigurationPlatforms) = postSolution
		{C24D29E8-4698-483B-8C96-888BFE095433}.Debug|Any CPU.ActiveCfg = Debug|Any CPU
		{C24D29E8-4698-483B-8C96-888BFE095433}.Debug|Any CPU.Build.0 = Debug|Any CPU
		{C24D29E8-4698-483B-8C96-888BFE095433}.Release|Any CPU.ActiveCfg = Release|Any CPU
		{C24D29E8-4698-483B-8C96-888BFE095433}.Release|Any CPU.Build.0 = Release|Any CPU
	EndGlobalSection
	GlobalSection(SolutionProperties) = preSolution
		HideSolutionNode = FALSE
	EndGlobalSection
	GlobalSection(ExtensibilityGlobals) = postSolution
		SolutionGuid = {19355952-6F8C-43AF-924C-FFC61B698BA3}
	EndGlobalSection
EndGlobal
